
Microsoft Visual Studio Solution File, Format Version 12.00
# Visual Studio Version 16
VisualStudioVersion = 16.0.29806.167
MinimumVisualStudioVersion = 10.0.40219.1
Project("{9A19103F-16F7-4668-BE54-9A1E7A4F7556}") = "PlantSimulator", "PlantSimulator\PlantSimulator.csproj", "{0809479C-FE09-4073-BB2D-E125E7952B3D}"
EndProject
Project("{9A19103F-16F7-4668-BE54-9A1E7A4F7556}") = "PlantSimulatorTests", "PlantSimulatorTests\PlantSimulatorTests.csproj", "{7802BA9D-0F65-4A41-8BEE-7FB1A4C6E03F}"
EndProject
Project("{9A19103F-16F7-4668-BE54-9A1E7A4F7556}") = "PlantSimulatorService", "PlantSimulatorService\PlantSimulatorService.csproj", "{A1C41EB4-4B2A-46FA-907F-E80F650BB3CE}"
EndProject
Project("{9A19103F-16F7-4668-BE54-9A1E7A4F7556}") = "PlantSimulatorClient", "PlantSimulatorClient\PlantSimulatorClient.csproj", "{BCA66551-CF72-47F4-8669-5E0B88A97AE9}"
EndProject
Global
	GlobalSection(SolutionConfigurationPlatforms) = preSolution
		Debug|Any CPU = Debug|Any CPU
		Debug|ARM = Debug|ARM
		Debug|ARM64 = Debug|ARM64
		Debug|x64 = Debug|x64
		Debug|x86 = Debug|x86
		Release|Any CPU = Release|Any CPU
		Release|ARM = Release|ARM
		Release|ARM64 = Release|ARM64
		Release|x64 = Release|x64
		Release|x86 = Release|x86
	EndGlobalSection
	GlobalSection(ProjectConfigurationPlatforms) = postSolution
		{0809479C-FE09-4073-BB2D-E125E7952B3D}.Debug|Any CPU.ActiveCfg = Debug|Any CPU
		{0809479C-FE09-4073-BB2D-E125E7952B3D}.Debug|Any CPU.Build.0 = Debug|Any CPU
		{0809479C-FE09-4073-BB2D-E125E7952B3D}.Debug|ARM.ActiveCfg = Debug|Any CPU
		{0809479C-FE09-4073-BB2D-E125E7952B3D}.Debug|ARM.Build.0 = Debug|Any CPU
		{0809479C-FE09-4073-BB2D-E125E7952B3D}.Debug|ARM64.ActiveCfg = Debug|Any CPU
		{0809479C-FE09-4073-BB2D-E125E7952B3D}.Debug|ARM64.Build.0 = Debug|Any CPU
		{0809479C-FE09-4073-BB2D-E125E7952B3D}.Debug|x64.ActiveCfg = Debug|Any CPU
		{0809479C-FE09-4073-BB2D-E125E7952B3D}.Debug|x64.Build.0 = Debug|Any CPU
		{0809479C-FE09-4073-BB2D-E125E7952B3D}.Debug|x86.ActiveCfg = Debug|Any CPU
		{0809479C-FE09-4073-BB2D-E125E7952B3D}.Debug|x86.Build.0 = Debug|Any CPU
		{0809479C-FE09-4073-BB2D-E125E7952B3D}.Release|Any CPU.ActiveCfg = Release|Any CPU
		{0809479C-FE09-4073-BB2D-E125E7952B3D}.Release|Any CPU.Build.0 = Release|Any CPU
		{0809479C-FE09-4073-BB2D-E125E7952B3D}.Release|ARM.ActiveCfg = Release|Any CPU
		{0809479C-FE09-4073-BB2D-E125E7952B3D}.Release|ARM.Build.0 = Release|Any CPU
		{0809479C-FE09-4073-BB2D-E125E7952B3D}.Release|ARM64.ActiveCfg = Release|Any CPU
		{0809479C-FE09-4073-BB2D-E125E7952B3D}.Release|ARM64.Build.0 = Release|Any CPU
		{0809479C-FE09-4073-BB2D-E125E7952B3D}.Release|x64.ActiveCfg = Release|Any CPU
		{0809479C-FE09-4073-BB2D-E125E7952B3D}.Release|x64.Build.0 = Release|Any CPU
		{0809479C-FE09-4073-BB2D-E125E7952B3D}.Release|x86.ActiveCfg = Release|Any CPU
		{0809479C-FE09-4073-BB2D-E125E7952B3D}.Release|x86.Build.0 = Release|Any CPU
		{7802BA9D-0F65-4A41-8BEE-7FB1A4C6E03F}.Debug|Any CPU.ActiveCfg = Debug|Any CPU
		{7802BA9D-0F65-4A41-8BEE-7FB1A4C6E03F}.Debug|Any CPU.Build.0 = Debug|Any CPU
		{7802BA9D-0F65-4A41-8BEE-7FB1A4C6E03F}.Debug|ARM.ActiveCfg = Debug|Any CPU
		{7802BA9D-0F65-4A41-8BEE-7FB1A4C6E03F}.Debug|ARM.Build.0 = Debug|Any CPU
		{7802BA9D-0F65-4A41-8BEE-7FB1A4C6E03F}.Debug|ARM64.ActiveCfg = Debug|Any CPU
		{7802BA9D-0F65-4A41-8BEE-7FB1A4C6E03F}.Debug|ARM64.Build.0 = Debug|Any CPU
		{7802BA9D-0F65-4A41-8BEE-7FB1A4C6E03F}.Debug|x64.ActiveCfg = Debug|Any CPU
		{7802BA9D-0F65-4A41-8BEE-7FB1A4C6E03F}.Debug|x64.Build.0 = Debug|Any CPU
		{7802BA9D-0F65-4A41-8BEE-7FB1A4C6E03F}.Debug|x86.ActiveCfg = Debug|Any CPU
		{7802BA9D-0F65-4A41-8BEE-7FB1A4C6E03F}.Debug|x86.Build.0 = Debug|Any CPU
		{7802BA9D-0F65-4A41-8BEE-7FB1A4C6E03F}.Release|Any CPU.ActiveCfg = Release|Any CPU
		{7802BA9D-0F65-4A41-8BEE-7FB1A4C6E03F}.Release|Any CPU.Build.0 = Release|Any CPU
		{7802BA9D-0F65-4A41-8BEE-7FB1A4C6E03F}.Release|ARM.ActiveCfg = Release|Any CPU
		{7802BA9D-0F65-4A41-8BEE-7FB1A4C6E03F}.Release|ARM.Build.0 = Release|Any CPU
		{7802BA9D-0F65-4A41-8BEE-7FB1A4C6E03F}.Release|ARM64.ActiveCfg = Release|Any CPU
		{7802BA9D-0F65-4A41-8BEE-7FB1A4C6E03F}.Release|ARM64.Build.0 = Release|Any CPU
		{7802BA9D-0F65-4A41-8BEE-7FB1A4C6E03F}.Release|x64.ActiveCfg = Release|Any CPU
		{7802BA9D-0F65-4A41-8BEE-7FB1A4C6E03F}.Release|x64.Build.0 = Release|Any CPU
		{7802BA9D-0F65-4A41-8BEE-7FB1A4C6E03F}.Release|x86.ActiveCfg = Release|Any CPU
		{7802BA9D-0F65-4A41-8BEE-7FB1A4C6E03F}.Release|x86.Build.0 = Release|Any CPU
		{A1C41EB4-4B2A-46FA-907F-E80F650BB3CE}.Debug|Any CPU.ActiveCfg = Debug|Any CPU
		{A1C41EB4-4B2A-46FA-907F-E80F650BB3CE}.Debug|Any CPU.Build.0 = Debug|Any CPU
		{A1C41EB4-4B2A-46FA-907F-E80F650BB3CE}.Debug|ARM.ActiveCfg = Debug|Any CPU
		{A1C41EB4-4B2A-46FA-907F-E80F650BB3CE}.Debug|ARM.Build.0 = Debug|Any CPU
		{A1C41EB4-4B2A-46FA-907F-E80F650BB3CE}.Debug|ARM64.ActiveCfg = Debug|Any CPU
		{A1C41EB4-4B2A-46FA-907F-E80F650BB3CE}.Debug|ARM64.Build.0 = Debug|Any CPU
		{A1C41EB4-4B2A-46FA-907F-E80F650BB3CE}.Debug|x64.ActiveCfg = Debug|Any CPU
		{A1C41EB4-4B2A-46FA-907F-E80F650BB3CE}.Debug|x64.Build.0 = Debug|Any CPU
		{A1C41EB4-4B2A-46FA-907F-E80F650BB3CE}.Debug|x86.ActiveCfg = Debug|Any CPU
		{A1C41EB4-4B2A-46FA-907F-E80F650BB3CE}.Debug|x86.Build.0 = Debug|Any CPU
		{A1C41EB4-4B2A-46FA-907F-E80F650BB3CE}.Release|Any CPU.ActiveCfg = Release|Any CPU
		{A1C41EB4-4B2A-46FA-907F-E80F650BB3CE}.Release|Any CPU.Build.0 = Release|Any CPU
		{A1C41EB4-4B2A-46FA-907F-E80F650BB3CE}.Release|ARM.ActiveCfg = Release|Any CPU
		{A1C41EB4-4B2A-46FA-907F-E80F650BB3CE}.Release|ARM.Build.0 = Release|Any CPU
		{A1C41EB4-4B2A-46FA-907F-E80F650BB3CE}.Release|ARM64.ActiveCfg = Release|Any CPU
		{A1C41EB4-4B2A-46FA-907F-E80F650BB3CE}.Release|ARM64.Build.0 = Release|Any CPU
		{A1C41EB4-4B2A-46FA-907F-E80F650BB3CE}.Release|x64.ActiveCfg = Release|Any CPU
		{A1C41EB4-4B2A-46FA-907F-E80F650BB3CE}.Release|x64.Build.0 = Release|Any CPU
		{A1C41EB4-4B2A-46FA-907F-E80F650BB3CE}.Release|x86.ActiveCfg = Release|Any CPU
		{A1C41EB4-4B2A-46FA-907F-E80F650BB3CE}.Release|x86.Build.0 = Release|Any CPU
		{BCA66551-CF72-47F4-8669-5E0B88A97AE9}.Debug|Any CPU.ActiveCfg = Debug|Any CPU
		{BCA66551-CF72-47F4-8669-5E0B88A97AE9}.Debug|Any CPU.Build.0 = Debug|Any CPU
		{BCA66551-CF72-47F4-8669-5E0B88A97AE9}.Debug|ARM.ActiveCfg = Debug|Any CPU
		{BCA66551-CF72-47F4-8669-5E0B88A97AE9}.Debug|ARM.Build.0 = Debug|Any CPU
		{BCA66551-CF72-47F4-8669-5E0B88A97AE9}.Debug|ARM64.ActiveCfg = Debug|Any CPU
		{BCA66551-CF72-47F4-8669-5E0B88A97AE9}.Debug|ARM64.Build.0 = Debug|Any CPU
		{BCA66551-CF72-47F4-8669-5E0B88A97AE9}.Debug|x64.ActiveCfg = Debug|Any CPU
		{BCA66551-CF72-47F4-8669-5E0B88A97AE9}.Debug|x64.Build.0 = Debug|Any CPU
		{BCA66551-CF72-47F4-8669-5E0B88A97AE9}.Debug|x86.ActiveCfg = Debug|Any CPU
		{BCA66551-CF72-47F4-8669-5E0B88A97AE9}.Debug|x86.Build.0 = Debug|Any CPU
		{BCA66551-CF72-47F4-8669-5E0B88A97AE9}.Release|Any CPU.ActiveCfg = Release|Any CPU
		{BCA66551-CF72-47F4-8669-5E0B88A97AE9}.Release|Any CPU.Build.0 = Release|Any CPU
		{BCA66551-CF72-47F4-8669-5E0B88A97AE9}.Release|ARM.ActiveCfg = Release|Any CPU
		{BCA66551-CF72-47F4-8669-5E0B88A97AE9}.Release|ARM.Build.0 = Release|Any CPU
		{BCA66551-CF72-47F4-8669-5E0B88A97AE9}.Release|ARM64.ActiveCfg = Release|Any CPU
		{BCA66551-CF72-47F4-8669-5E0B88A97AE9}.Release|ARM64.Build.0 = Release|Any CPU
		{BCA66551-CF72-47F4-8669-5E0B88A97AE9}.Release|x64.ActiveCfg = Release|Any CPU
		{BCA66551-CF72-47F4-8669-5E0B88A97AE9}.Release|x64.Build.0 = Release|Any CPU
		{BCA66551-CF72-47F4-8669-5E0B88A97AE9}.Release|x86.ActiveCfg = Release|Any CPU
		{BCA66551-CF72-47F4-8669-5E0B88A97AE9}.Release|x86.Build.0 = Release|Any CPU
	EndGlobalSection
	GlobalSection(SolutionProperties) = preSolution
		HideSolutionNode = FALSE
	EndGlobalSection
	GlobalSection(ExtensibilityGlobals) = postSolution
		SolutionGuid = {6D018145-F227-4B77-A83C-6F2A02BE301C}
	EndGlobalSection
EndGlobal
